// !$*UTF8*$!
{
	archiveVersion = 1;
	classes = {
	};
	objectVersion = 46;
	objects = {

/* Begin PBXBuildFile section */
		89999EC01E3258510092C0F1 /* AppDelegate.swift in Sources */ = {isa = PBXBuildFile; fileRef = 89999EBF1E3258510092C0F1 /* AppDelegate.swift */; };
		89999EC21E3258510092C0F1 /* ViewController.swift in Sources */ = {isa = PBXBuildFile; fileRef = 89999EC11E3258510092C0F1 /* ViewController.swift */; };
		89999EC51E3258510092C0F1 /* Main.storyboard in Resources */ = {isa = PBXBuildFile; fileRef = 89999EC31E3258510092C0F1 /* Main.storyboard */; };
		89999EC71E3258510092C0F1 /* Assets.xcassets in Resources */ = {isa = PBXBuildFile; fileRef = 89999EC61E3258510092C0F1 /* Assets.xcassets */; };
		89999ECA1E3258510092C0F1 /* LaunchScreen.storyboard in Resources */ = {isa = PBXBuildFile; fileRef = 89999EC81E3258510092C0F1 /* LaunchScreen.storyboard */; };
		89999ED21E3259470092C0F1 /* NetworkService.swift in Sources */ = {isa = PBXBuildFile; fileRef = 89999ED11E3259470092C0F1 /* NetworkService.swift */; };
		89CF2F3B1E44C9C6000061BD /* summaries.json in Resources */ = {isa = PBXBuildFile; fileRef = 89CF2F3A1E44C9C6000061BD /* summaries.json */; };
		89CF2F3D1E44D122000061BD /* dataModel.swift in Sources */ = {isa = PBXBuildFile; fileRef = 89CF2F3C1E44D122000061BD /* dataModel.swift */; };
		89CF2F411E44EFA4000061BD /* ProductTableViewController.swift in Sources */ = {isa = PBXBuildFile; fileRef = 89CF2F401E44EFA4000061BD /* ProductTableViewController.swift */; };
/* End PBXBuildFile section */

/* Begin PBXFileReference section */
		89999EBC1E3258510092C0F1 /* firstProject.app */ = {isa = PBXFileReference; explicitFileType = wrapper.application; includeInIndex = 0; path = firstProject.app; sourceTree = BUILT_PRODUCTS_DIR; };
		89999EBF1E3258510092C0F1 /* AppDelegate.swift */ = {isa = PBXFileReference; lastKnownFileType = sourcecode.swift; path = AppDelegate.swift; sourceTree = "<group>"; };
		89999EC11E3258510092C0F1 /* ViewController.swift */ = {isa = PBXFileReference; lastKnownFileType = sourcecode.swift; path = ViewController.swift; sourceTree = "<group>"; };
		89999EC41E3258510092C0F1 /* Base */ = {isa = PBXFileReference; lastKnownFileType = file.storyboard; name = Base; path = Base.lproj/Main.storyboard; sourceTree = "<group>"; };
		89999EC61E3258510092C0F1 /* Assets.xcassets */ = {isa = PBXFileReference; lastKnownFileType = folder.assetcatalog; path = Assets.xcassets; sourceTree = "<group>"; };
		89999EC91E3258510092C0F1 /* Base */ = {isa = PBXFileReference; lastKnownFileType = file.storyboard; name = Base; path = Base.lproj/LaunchScreen.storyboard; sourceTree = "<group>"; };
		89999ECB1E3258510092C0F1 /* Info.plist */ = {isa = PBXFileReference; lastKnownFileType = text.plist.xml; path = Info.plist; sourceTree = "<group>"; };
		89999ED11E3259470092C0F1 /* NetworkService.swift */ = {isa = PBXFileReference; fileEncoding = 4; lastKnownFileType = sourcecode.swift; path = NetworkService.swift; sourceTree = "<group>"; };
		89CF2F3A1E44C9C6000061BD /* summaries.json */ = {isa = PBXFileReference; fileEncoding = 4; lastKnownFileType = text.json; path = summaries.json; sourceTree = "<group>"; };
		89CF2F3C1E44D122000061BD /* dataModel.swift */ = {isa = PBXFileReference; fileEncoding = 4; lastKnownFileType = sourcecode.swift; name = dataModel.swift; path = Model/dataModel.swift; sourceTree = "<group>"; };
		89CF2F401E44EFA4000061BD /* ProductTableViewController.swift */ = {isa = PBXFileReference; fileEncoding = 4; lastKnownFileType = sourcecode.swift; name = ProductTableViewController.swift; path = Controller/ProductTableViewController.swift; sourceTree = "<group>"; };
/* End PBXFileReference section */

/* Begin PBXFrameworksBuildPhase section */
		89999EB91E3258510092C0F1 /* Frameworks */ = {
			isa = PBXFrameworksBuildPhase;
			buildActionMask = 2147483647;
			files = (
			);
			runOnlyForDeploymentPostprocessing = 0;
		};
/* End PBXFrameworksBuildPhase section */

/* Begin PBXGroup section */
		89999EB31E3258510092C0F1 = {
			isa = PBXGroup;
			children = (
				89999EBE1E3258510092C0F1 /* firstProject */,
				89999EBD1E3258510092C0F1 /* Products */,
			);
			sourceTree = "<group>";
		};
		89999EBD1E3258510092C0F1 /* Products */ = {
			isa = PBXGroup;
			children = (
				89999EBC1E3258510092C0F1 /* firstProject.app */,
			);
			name = Products;
			sourceTree = "<group>";
		};
		89999EBE1E3258510092C0F1 /* firstProject */ = {
			isa = PBXGroup;
			children = (
				89999EBF1E3258510092C0F1 /* AppDelegate.swift */,
				89999EC11E3258510092C0F1 /* ViewController.swift */,
				89999EC31E3258510092C0F1 /* Main.storyboard */,
				89999ED51E327CD20092C0F1 /* Model */,
				89999ED71E327CE20092C0F1 /* View */,
				89999ED61E327CDC0092C0F1 /* Controller */,
				89999EC61E3258510092C0F1 /* Assets.xcassets */,
				89999EC81E3258510092C0F1 /* LaunchScreen.storyboard */,
				89999ECB1E3258510092C0F1 /* Info.plist */,
				89999ED81E327CEB0092C0F1 /* Supporting Files */,
			);
			path = firstProject;
			sourceTree = "<group>";
		};
		89999ED51E327CD20092C0F1 /* Model */ = {
			isa = PBXGroup;
			children = (
				89999ED11E3259470092C0F1 /* NetworkService.swift */,
				89CF2F3C1E44D122000061BD /* dataModel.swift */,
			);
			name = Model;
			sourceTree = "<group>";
		};
		89999ED61E327CDC0092C0F1 /* Controller */ = {
			isa = PBXGroup;
			children = (
				89CF2F401E44EFA4000061BD /* ProductTableViewController.swift */,
			);
			name = Controller;
			sourceTree = "<group>";
		};
		89999ED71E327CE20092C0F1 /* View */ = {
			isa = PBXGroup;
			children = (
			);
			name = View;
			sourceTree = "<group>";
		};
		89999ED81E327CEB0092C0F1 /* Supporting Files */ = {
			isa = PBXGroup;
			children = (
				89CF2F3A1E44C9C6000061BD /* summaries.json */,
			);
			name = "Supporting Files";
			sourceTree = "<group>";
		};
/* End PBXGroup section */

/* Begin PBXNativeTarget section */
		89999EBB1E3258510092C0F1 /* firstProject */ = {
			isa = PBXNativeTarget;
			buildConfigurationList = 89999ECE1E3258510092C0F1 /* Build configuration list for PBXNativeTarget "firstProject" */;
			buildPhases = (
				89999EB81E3258510092C0F1 /* Sources */,
				89999EB91E3258510092C0F1 /* Frameworks */,
				89999EBA1E3258510092C0F1 /* Resources */,
			);
			buildRules = (
			);
			dependencies = (
			);
			name = firstProject;
			productName = firstProject;
			productReference = 89999EBC1E3258510092C0F1 /* firstProject.app */;
			productType = "com.apple.product-type.application";
		};
/* End PBXNativeTarget section */

/* Begin PBXProject section */
		89999EB41E3258510092C0F1 /* Project object */ = {
			isa = PBXProject;
			attributes = {
				LastSwiftUpdateCheck = 0820;
				LastUpgradeCheck = 0820;
				ORGANIZATIONNAME = "James Yorke";
				TargetAttributes = {
					89999EBB1E3258510092C0F1 = {
						CreatedOnToolsVersion = 8.2;
						DevelopmentTeam = LB87ATQK2R;
						ProvisioningStyle = Automatic;
					};
				};
			};
			buildConfigurationList = 89999EB71E3258510092C0F1 /* Build configuration list for PBXProject "firstProject" */;
			compatibilityVersion = "Xcode 3.2";
			developmentRegion = English;
			hasScannedForEncodings = 0;
			knownRegions = (
				en,
				Base,
			);
			mainGroup = 89999EB31E3258510092C0F1;
			productRefGroup = 89999EBD1E3258510092C0F1 /* Products */;
			projectDirPath = "";
			projectRoot = "";
			targets = (
				89999EBB1E3258510092C0F1 /* firstProject */,
			);
		};
/* End PBXProject section */

/* Begin PBXResourcesBuildPhase section */
		89999EBA1E3258510092C0F1 /* Resources */ = {
			isa = PBXResourcesBuildPhase;
			buildActionMask = 2147483647;
			files = (
				89999ECA1E3258510092C0F1 /* LaunchScreen.storyboard in Resources */,
				89999EC71E3258510092C0F1 /* Assets.xcassets in Resources */,
				89999EC51E3258510092C0F1 /* Main.storyboard in Resources */,
				89CF2F3B1E44C9C6000061BD /* summaries.json in Resources */,
			);
			runOnlyForDeploymentPostprocessing = 0;
		};
/* End PBXResourcesBuildPhase section */

/* Begin PBXSourcesBuildPhase section */
		89999EB81E3258510092C0F1 /* Sources */ = {
			isa = PBXSourcesBuildPhase;
			buildActionMask = 2147483647;
			files = (
				89999EC21E3258510092C0F1 /* ViewController.swift in Sources */,
				89CF2F3D1E44D122000061BD /* dataModel.swift in Sources */,
				89999ED21E3259470092C0F1 /* NetworkService.swift in Sources */,
				89999EC01E3258510092C0F1 /* AppDelegate.swift in Sources */,
				89CF2F411E44EFA4000061BD /* ProductTableViewController.swift in Sources */,
			);
			runOnlyForDeploymentPostprocessing = 0;
		};
/* End PBXSourcesBuildPhase section */

/* Begin PBXVariantGroup section */
		89999EC31E3258510092C0F1 /* Main.storyboard */ = {
			isa = PBXVariantGroup;
			children = (
				89999EC41E3258510092C0F1 /* Base */,
			);
			name = Main.storyboard;
			sourceTree = "<group>";
		};
		89999EC81E3258510092C0F1 /* LaunchScreen.storyboard */ = {
			isa = PBXVariantGroup;
			children = (
				89999EC91E3258510092C0F1 /* Base */,
			);
			name = LaunchScreen.storyboard;
			sourceTree = "<group>";
		};
/* End PBXVariantGroup section */

/* Begin XCBuildConfiguration section */
		89999ECC1E3258510092C0F1 /* Debug */ = {
			isa = XCBuildConfiguration;
			buildSettings = {
				ALWAYS_SEARCH_USER_PATHS = NO;
				CLANG_ANALYZER_NONNULL = YES;
				CLANG_CXX_LANGUAGE_STANDARD = "gnu++0x";
				CLANG_CXX_LIBRARY = "libc++";
				CLANG_ENABLE_MODULES = YES;
				CLANG_ENABLE_OBJC_ARC = YES;
				CLANG_WARN_BOOL_CONVERSION = YES;
				CLANG_WARN_CONSTANT_CONVERSION = YES;
				CLANG_WARN_DIRECT_OBJC_ISA_USAGE = YES_ERROR;
				CLANG_WARN_DOCUMENTATION_COMMENTS = YES;
				CLANG_WARN_EMPTY_BODY = YES;
				CLANG_WARN_ENUM_CONVERSION = YES;
				CLANG_WARN_INFINITE_RECURSION = YES;
				CLANG_WARN_INT_CONVERSION = YES;
				CLANG_WARN_OBJC_ROOT_CLASS = YES_ERROR;
				CLANG_WARN_SUSPICIOUS_MOVE = YES;
				CLANG_WARN_UNREACHABLE_CODE = YES;
				CLANG_WARN__DUPLICATE_METHOD_MATCH = YES;
				"CODE_SIGN_IDENTITY[sdk=iphoneos*]" = "iPhone Developer";
				COPY_PHASE_STRIP = NO;
				DEBUG_INFORMATION_FORMAT = dwarf;
				ENABLE_STRICT_OBJC_MSGSEND = YES;
				ENABLE_TESTABILITY = YES;
				GCC_C_LANGUAGE_STANDARD = gnu99;
				GCC_DYNAMIC_NO_PIC = NO;
				GCC_NO_COMMON_BLOCKS = YES;
				GCC_OPTIMIZATION_LEVEL = 0;
				GCC_PREPROCESSOR_DEFINITIONS = (
					"DEBUG=1",
					"$(inherited)",
				);
				GCC_WARN_64_TO_32_BIT_CONVERSION = YES;
				GCC_WARN_ABOUT_RETURN_TYPE = YES_ERROR;
				GCC_WARN_UNDECLARED_SELECTOR = YES;
				GCC_WARN_UNINITIALIZED_AUTOS = YES_AGGRESSIVE;
				GCC_WARN_UNUSED_FUNCTION = YES;
				GCC_WARN_UNUSED_VARIABLE = YES;
				IPHONEOS_DEPLOYMENT_TARGET = 10.2;
				MTL_ENABLE_DEBUG_INFO = YES;
				ONLY_ACTIVE_ARCH = YES;
				SDKROOT = iphoneos;
				SWIFT_ACTIVE_COMPILATION_CONDITIONS = DEBUG;
				SWIFT_OPTIMIZATION_LEVEL = "-Onone";
				TARGETED_DEVICE_FAMILY = "1,2";
			};
			name = Debug;
		};
		89999ECD1E3258510092C0F1 /* Release */ = {
			isa = XCBuildConfiguration;
			buildSettings = {
				ALWAYS_SEARCH_USER_PATHS = NO;
				CLANG_ANALYZER_NONNULL = YES;
				CLANG_CXX_LANGUAGE_STANDARD = "gnu++0x";
				CLANG_CXX_LIBRARY = "libc++";
				CLANG_ENABLE_MODULES = YES;
				CLANG_ENABLE_OBJC_ARC = YES;
				CLANG_WARN_BOOL_CONVERSION = YES;
				CLANG_WARN_CONSTANT_CONVERSION = YES;
				CLANG_WARN_DIRECT_OBJC_ISA_USAGE = YES_ERROR;
				CLANG_WARN_DOCUMENTATION_COMMENTS = YES;
				CLANG_WARN_EMPTY_BODY = YES;
				CLANG_WARN_ENUM_CONVERSION = YES;
				CLANG_WARN_INFINITE_RECURSION = YES;
				CLANG_WARN_INT_CONVERSION = YES;
				CLANG_WARN_OBJC_ROOT_CLASS = YES_ERROR;
				CLANG_WARN_SUSPICIOUS_MOVE = YES;
				CLANG_WARN_UNREACHABLE_CODE = YES;
				CLANG_WARN__DUPLICATE_METHOD_MATCH = YES;
				"CODE_SIGN_IDENTITY[sdk=iphoneos*]" = "iPhone Developer";
				COPY_PHASE_STRIP = NO;
				DEBUG_INFORMATION_FORMAT = "dwarf-with-dsym";
				ENABLE_NS_ASSERTIONS = NO;
				ENABLE_STRICT_OBJC_MSGSEND = YES;
				GCC_C_LANGUAGE_STANDARD = gnu99;
				GCC_NO_COMMON_BLOCKS = YES;
				GCC_WARN_64_TO_32_BIT_CONVERSION = YES;
				GCC_WARN_ABOUT_RETURN_TYPE = YES_ERROR;
				GCC_WARN_UNDECLARED_SELECTOR = YES;
				GCC_WARN_UNINITIALIZED_AUTOS = YES_AGGRESSIVE;
				GCC_WARN_UNUSED_FUNCTION = YES;
				GCC_WARN_UNUSED_VARIABLE = YES;
				IPHONEOS_DEPLOYMENT_TARGET = 10.2;
				MTL_ENABLE_DEBUG_INFO = NO;
				SDKROOT = iphoneos;
				SWIFT_OPTIMIZATION_LEVEL = "-Owholemodule";
				TARGETED_DEVICE_FAMILY = "1,2";
				VALIDATE_PRODUCT = YES;
			};
			name = Release;
		};
		89999ECF1E3258510092C0F1 /* Debug */ = {
			isa = XCBuildConfiguration;
			buildSettings = {
				ASSETCATALOG_COMPILER_APPICON_NAME = AppIcon;
				DEVELOPMENT_TEAM = LB87ATQK2R;
				INFOPLIST_FILE = firstProject/Info.plist;
				LD_RUNPATH_SEARCH_PATHS = "$(inherited) @executable_path/Frameworks";
				PRODUCT_BUNDLE_IDENTIFIER = JY.firstProject;
				PRODUCT_NAME = "$(TARGET_NAME)";
				SWIFT_VERSION = 3.0;
			};
			name = Debug;
		};
		89999ED01E3258510092C0F1 /* Release */ = {
			isa = XCBuildConfiguration;
			buildSettings = {
				ASSETCATALOG_COMPILER_APPICON_NAME = AppIcon;
				DEVELOPMENT_TEAM = LB87ATQK2R;
				INFOPLIST_FILE = firstProject/Info.plist;
				LD_RUNPATH_SEARCH_PATHS = "$(inherited) @executable_path/Frameworks";
				PRODUCT_BUNDLE_IDENTIFIER = JY.firstProject;
				PRODUCT_NAME = "$(TARGET_NAME)";
				SWIFT_VERSION = 3.0;
			};
			name = Release;
		};
/* End XCBuildConfiguration section */

/* Begin XCConfigurationList section */
		89999EB71E3258510092C0F1 /* Build configuration list for PBXProject "firstProject" */ = {
			isa = XCConfigurationList;
			buildConfigurations = (
				89999ECC1E3258510092C0F1 /* Debug */,
				89999ECD1E3258510092C0F1 /* Release */,
			);
			defaultConfigurationIsVisible = 0;
			defaultConfigurationName = Release;
		};
		89999ECE1E3258510092C0F1 /* Build configuration list for PBXNativeTarget "firstProject" */ = {
			isa = XCConfigurationList;
			buildConfigurations = (
				89999ECF1E3258510092C0F1 /* Debug */,
				89999ED01E3258510092C0F1 /* Release */,
			);
			defaultConfigurationIsVisible = 0;
			defaultConfigurationName = Release;
		};
/* End XCConfigurationList section */
	};
	rootObject = 89999EB41E3258510092C0F1 /* Project object */;
}
